// !$*UTF8*$!
{
	archiveVersion = 1;
	classes = {
	};
	objectVersion = 46;
	objects = {

/* Begin PBXBuildFile section */
		B2C8DF041C50FF890029BD8B /* main.m in Sources */ = {isa = PBXBuildFile; fileRef = B2C8DF031C50FF890029BD8B /* main.m */; };
		B2C8DF071C50FF890029BD8B /* AppDelegate.m in Sources */ = {isa = PBXBuildFile; fileRef = B2C8DF061C50FF890029BD8B /* AppDelegate.m */; };
		B2C8DF0A1C50FF890029BD8B /* ViewController.m in Sources */ = {isa = PBXBuildFile; fileRef = B2C8DF091C50FF890029BD8B /* ViewController.m */; };
		B2C8DF0D1C50FF890029BD8B /* Main.storyboard in Resources */ = {isa = PBXBuildFile; fileRef = B2C8DF0B1C50FF890029BD8B /* Main.storyboard */; };
		B2C8DF0F1C50FF890029BD8B /* Assets.xcassets in Resources */ = {isa = PBXBuildFile; fileRef = B2C8DF0E1C50FF890029BD8B /* Assets.xcassets */; };
		B2C8DF121C50FF890029BD8B /* LaunchScreen.storyboard in Resources */ = {isa = PBXBuildFile; fileRef = B2C8DF101C50FF890029BD8B /* LaunchScreen.storyboard */; };
/* End PBXBuildFile section */

/* Begin PBXFileReference section */
		B2C8DEFF1C50FF890029BD8B /* Objc0121.app */ = {isa = PBXFileReference; explicitFileType = wrapper.application; includeInIndex = 0; path = Objc0121.app; sourceTree = BUILT_PRODUCTS_DIR; };
		B2C8DF031C50FF890029BD8B /* main.m */ = {isa = PBXFileReference; lastKnownFileType = sourcecode.c.objc; path = main.m; sourceTree = "<group>"; };
		B2C8DF051C50FF890029BD8B /* AppDelegate.h */ = {isa = PBXFileReference; lastKnownFileType = sourcecode.c.h; path = AppDelegate.h; sourceTree = "<group>"; };
		B2C8DF061C50FF890029BD8B /* AppDelegate.m */ = {isa = PBXFileReference; lastKnownFileType = sourcecode.c.objc; path = AppDelegate.m; sourceTree = "<group>"; };
		B2C8DF081C50FF890029BD8B /* ViewController.h */ = {isa = PBXFileReference; lastKnownFileType = sourcecode.c.h; path = ViewController.h; sourceTree = "<group>"; };
		B2C8DF091C50FF890029BD8B /* ViewController.m */ = {isa = PBXFileReference; lastKnownFileType = sourcecode.c.objc; path = ViewController.m; sourceTree = "<group>"; };
		B2C8DF0C1C50FF890029BD8B /* Base */ = {isa = PBXFileReference; lastKnownFileType = file.storyboard; name = Base; path = Base.lproj/Main.storyboard; sourceTree = "<group>"; };
		B2C8DF0E1C50FF890029BD8B /* Assets.xcassets */ = {isa = PBXFileReference; lastKnownFileType = folder.assetcatalog; path = Assets.xcassets; sourceTree = "<group>"; };
		B2C8DF111C50FF890029BD8B /* Base */ = {isa = PBXFileReference; lastKnownFileType = file.storyboard; name = Base; path = Base.lproj/LaunchScreen.storyboard; sourceTree = "<group>"; };
		B2C8DF131C50FF890029BD8B /* Info.plist */ = {isa = PBXFileReference; lastKnownFileType = text.plist.xml; path = Info.plist; sourceTree = "<group>"; };
/* End PBXFileReference section */

/* Begin PBXFrameworksBuildPhase section */
		B2C8DEFC1C50FF890029BD8B /* Frameworks */ = {
			isa = PBXFrameworksBuildPhase;
			buildActionMask = 2147483647;
			files = (
			);
			runOnlyForDeploymentPostprocessing = 0;
		};
/* End PBXFrameworksBuildPhase section */

/* Begin PBXGroup section */
		B2C8DEF61C50FF890029BD8B = {
			isa = PBXGroup;
			children = (
				B2C8DF011C50FF890029BD8B /* Objc0121 */,
				B2C8DF001C50FF890029BD8B /* Products */,
			);
			sourceTree = "<group>";
		};
		B2C8DF001C50FF890029BD8B /* Products */ = {
			isa = PBXGroup;
			children = (
				B2C8DEFF1C50FF890029BD8B /* Objc0121.app */,
			);
			name = Products;
			sourceTree = "<group>";
		};
		B2C8DF011C50FF890029BD8B /* Objc0121 */ = {
			isa = PBXGroup;
			children = (
				B2C8DF051C50FF890029BD8B /* AppDelegate.h */,
				B2C8DF061C50FF890029BD8B /* AppDelegate.m */,
				B2C8DF081C50FF890029BD8B /* ViewController.h */,
				B2C8DF091C50FF890029BD8B /* ViewController.m */,
				B2C8DF0B1C50FF890029BD8B /* Main.storyboard */,
				B2C8DF0E1C50FF890029BD8B /* Assets.xcassets */,
				B2C8DF101C50FF890029BD8B /* LaunchScreen.storyboard */,
				B2C8DF131C50FF890029BD8B /* Info.plist */,
				B2C8DF021C50FF890029BD8B /* Supporting Files */,
			);
			path = Objc0121;
			sourceTree = "<group>";
		};
		B2C8DF021C50FF890029BD8B /* Supporting Files */ = {
			isa = PBXGroup;
			children = (
				B2C8DF031C50FF890029BD8B /* main.m */,
			);
			name = "Supporting Files";
			sourceTree = "<group>";
		};
/* End PBXGroup section */

/* Begin PBXNativeTarget section */
		B2C8DEFE1C50FF890029BD8B /* Objc0121 */ = {
			isa = PBXNativeTarget;
			buildConfigurationList = B2C8DF161C50FF890029BD8B /* Build configuration list for PBXNativeTarget "Objc0121" */;
			buildPhases = (
				B2C8DEFB1C50FF890029BD8B /* Sources */,
				B2C8DEFC1C50FF890029BD8B /* Frameworks */,
				B2C8DEFD1C50FF890029BD8B /* Resources */,
			);
			buildRules = (
			);
			dependencies = (
			);
			name = Objc0121;
			productName = Objc0121;
			productReference = B2C8DEFF1C50FF890029BD8B /* Objc0121.app */;
			productType = "com.apple.product-type.application";
		};
/* End PBXNativeTarget section */

/* Begin PBXProject section */
		B2C8DEF71C50FF890029BD8B /* Project object */ = {
			isa = PBXProject;
			attributes = {
				LastUpgradeCheck = 0720;
				ORGANIZATIONNAME = "劉坤昶 Johnny";
				TargetAttributes = {
					B2C8DEFE1C50FF890029BD8B = {
						CreatedOnToolsVersion = 7.2;
					};
				};
			};
			buildConfigurationList = B2C8DEFA1C50FF890029BD8B /* Build configuration list for PBXProject "Objc0121" */;
			compatibilityVersion = "Xcode 3.2";
			developmentRegion = English;
			hasScannedForEncodings = 0;
			knownRegions = (
				en,
				Base,
			);
			mainGroup = B2C8DEF61C50FF890029BD8B;
			productRefGroup = B2C8DF001C50FF890029BD8B /* Products */;
			projectDirPath = "";
			projectRoot = "";
			targets = (
				B2C8DEFE1C50FF890029BD8B /* Objc0121 */,
			);
		};
/* End PBXProject section */

/* Begin PBXResourcesBuildPhase section */
		B2C8DEFD1C50FF890029BD8B /* Resources */ = {
			isa = PBXResourcesBuildPhase;
			buildActionMask = 2147483647;
			files = (
				B2C8DF121C50FF890029BD8B /* LaunchScreen.storyboard in Resources */,
				B2C8DF0F1C50FF890029BD8B /* Assets.xcassets in Resources */,
				B2C8DF0D1C50FF890029BD8B /* Main.storyboard in Resources */,
			);
			runOnlyForDeploymentPostprocessing = 0;
		};
/* End PBXResourcesBuildPhase section */

/* Begin PBXSourcesBuildPhase section */
		B2C8DEFB1C50FF890029BD8B /* Sources */ = {
			isa = PBXSourcesBuildPhase;
			buildActionMask = 2147483647;
			files = (
				B2C8DF0A1C50FF890029BD8B /* ViewController.m in Sources */,
				B2C8DF071C50FF890029BD8B /* AppDelegate.m in Sources */,
				B2C8DF041C50FF890029BD8B /* main.m in Sources */,
			);
			runOnlyForDeploymentPostprocessing = 0;
		};
/* End PBXSourcesBuildPhase section */

/* Begin PBXVariantGroup section */
		B2C8DF0B1C50FF890029BD8B /* Main.storyboard */ = {
			isa = PBXVariantGroup;
			children = (
				B2C8DF0C1C50FF890029BD8B /* Base */,
			);
			name = Main.storyboard;
			sourceTree = "<group>";
		};
		B2C8DF101C50FF890029BD8B /* LaunchScreen.storyboard */ = {
			isa = PBXVariantGroup;
			children = (
				B2C8DF111C50FF890029BD8B /* Base */,
			);
			name = LaunchScreen.storyboard;
			sourceTree = "<group>";
		};
/* End PBXVariantGroup section */

/* Begin XCBuildConfiguration section */
		B2C8DF141C50FF890029BD8B /* Debug */ = {
			isa = XCBuildConfiguration;
			buildSettings = {
				ALWAYS_SEARCH_USER_PATHS = NO;
				CLANG_CXX_LANGUAGE_STANDARD = "gnu++0x";
				CLANG_CXX_LIBRARY = "libc++";
				CLANG_ENABLE_MODULES = YES;
				CLANG_ENABLE_OBJC_ARC = YES;
				CLANG_WARN_BOOL_CONVERSION = YES;
				CLANG_WARN_CONSTANT_CONVERSION = YES;
				CLANG_WARN_DIRECT_OBJC_ISA_USAGE = YES_ERROR;
				CLANG_WARN_EMPTY_BODY = YES;
				CLANG_WARN_ENUM_CONVERSION = YES;
				CLANG_WARN_INT_CONVERSION = YES;
				CLANG_WARN_OBJC_ROOT_CLASS = YES_ERROR;
				CLANG_WARN_UNREACHABLE_CODE = YES;
				CLANG_WARN__DUPLICATE_METHOD_MATCH = YES;
				"CODE_SIGN_IDENTITY[sdk=iphoneos*]" = "iPhone Developer";
				COPY_PHASE_STRIP = NO;
				DEBUG_INFORMATION_FORMAT = dwarf;
				ENABLE_STRICT_OBJC_MSGSEND = YES;
				ENABLE_TESTABILITY = YES;
				GCC_C_LANGUAGE_STANDARD = gnu99;
				GCC_DYNAMIC_NO_PIC = NO;
				GCC_NO_COMMON_BLOCKS = YES;
				GCC_OPTIMIZATION_LEVEL = 0;
				GCC_PREPROCESSOR_DEFINITIONS = (
					"DEBUG=1",
					"$(inherited)",
				);
				GCC_WARN_64_TO_32_BIT_CONVERSION = YES;
				GCC_WARN_ABOUT_RETURN_TYPE = YES_ERROR;
				GCC_WARN_UNDECLARED_SELECTOR = YES;
				GCC_WARN_UNINITIALIZED_AUTOS = YES_AGGRESSIVE;
				GCC_WARN_UNUSED_FUNCTION = YES;
				GCC_WARN_UNUSED_VARIABLE = YES;
				IPHONEOS_DEPLOYMENT_TARGET = 9.2;
				MTL_ENABLE_DEBUG_INFO = YES;
				ONLY_ACTIVE_ARCH = YES;
				SDKROOT = iphoneos;
			};
			name = Debug;
		};
		B2C8DF151C50FF890029BD8B /* Release */ = {
			isa = XCBuildConfiguration;
			buildSettings = {
				ALWAYS_SEARCH_USER_PATHS = NO;
				CLANG_CXX_LANGUAGE_STANDARD = "gnu++0x";
				CLANG_CXX_LIBRARY = "libc++";
				CLANG_ENABLE_MODULES = YES;
				CLANG_ENABLE_OBJC_ARC = YES;
				CLANG_WARN_BOOL_CONVERSION = YES;
				CLANG_WARN_CONSTANT_CONVERSION = YES;
				CLANG_WARN_DIRECT_OBJC_ISA_USAGE = YES_ERROR;
				CLANG_WARN_EMPTY_BODY = YES;
				CLANG_WARN_ENUM_CONVERSION = YES;
				CLANG_WARN_INT_CONVERSION = YES;
				CLANG_WARN_OBJC_ROOT_CLASS = YES_ERROR;
				CLANG_WARN_UNREACHABLE_CODE = YES;
				CLANG_WARN__DUPLICATE_METHOD_MATCH = YES;
				"CODE_SIGN_IDENTITY[sdk=iphoneos*]" = "iPhone Developer";
				COPY_PHASE_STRIP = NO;
				DEBUG_INFORMATION_FORMAT = "dwarf-with-dsym";
				ENABLE_NS_ASSERTIONS = NO;
				ENABLE_STRICT_OBJC_MSGSEND = YES;
				GCC_C_LANGUAGE_STANDARD = gnu99;
				GCC_NO_COMMON_BLOCKS = YES;
				GCC_WARN_64_TO_32_BIT_CONVERSION = YES;
				GCC_WARN_ABOUT_RETURN_TYPE = YES_ERROR;
				GCC_WARN_UNDECLARED_SELECTOR = YES;
				GCC_WARN_UNINITIALIZED_AUTOS = YES_AGGRESSIVE;
				GCC_WARN_UNUSED_FUNCTION = YES;
				GCC_WARN_UNUSED_VARIABLE = YES;
				IPHONEOS_DEPLOYMENT_TARGET = 9.2;
				MTL_ENABLE_DEBUG_INFO = NO;
				SDKROOT = iphoneos;
				VALIDATE_PRODUCT = YES;
			};
			name = Release;
		};
		B2C8DF171C50FF890029BD8B /* Debug */ = {
			isa = XCBuildConfiguration;
			buildSettings = {
				ASSETCATALOG_COMPILER_APPICON_NAME = AppIcon;
				INFOPLIST_FILE = Objc0121/Info.plist;
				LD_RUNPATH_SEARCH_PATHS = "$(inherited) @executable_path/Frameworks";
				PRODUCT_BUNDLE_IDENTIFIER = com.johnnyketchup.Objc0121;
				PRODUCT_NAME = "$(TARGET_NAME)";
			};
			name = Debug;
		};
		B2C8DF181C50FF890029BD8B /* Release */ = {
			isa = XCBuildConfiguration;
			buildSettings = {
				ASSETCATALOG_COMPILER_APPICON_NAME = AppIcon;
				INFOPLIST_FILE = Objc0121/Info.plist;
				LD_RUNPATH_SEARCH_PATHS = "$(inherited) @executable_path/Frameworks";
				PRODUCT_BUNDLE_IDENTIFIER = com.johnnyketchup.Objc0121;
				PRODUCT_NAME = "$(TARGET_NAME)";
			};
			name = Release;
		};
/* End XCBuildConfiguration section */

/* Begin XCConfigurationList section */
		B2C8DEFA1C50FF890029BD8B /* Build configuration list for PBXProject "Objc0121" */ = {
			isa = XCConfigurationList;
			buildConfigurations = (
				B2C8DF141C50FF890029BD8B /* Debug */,
				B2C8DF151C50FF890029BD8B /* Release */,
			);
			defaultConfigurationIsVisible = 0;
			defaultConfigurationName = Release;
		};
		B2C8DF161C50FF890029BD8B /* Build configuration list for PBXNativeTarget "Objc0121" */ = {
			isa = XCConfigurationList;
			buildConfigurations = (
				B2C8DF171C50FF890029BD8B /* Debug */,
				B2C8DF181C50FF890029BD8B /* Release */,
			);
			defaultConfigurationIsVisible = 0;
		};
/* End XCConfigurationList section */
	};
	rootObject = B2C8DEF71C50FF890029BD8B /* Project object */;
}
