// !$*UTF8*$!
{
	archiveVersion = 1;
	classes = {
	};
	objectVersion = 46;
	objects = {

/* Begin PBXBuildFile section */
		B28C9F9E1C54AE0C001B5116 /* LandingVC.m in Sources */ = {isa = PBXBuildFile; fileRef = B28C9F9D1C54AE0C001B5116 /* LandingVC.m */; };
		B28C9FD01C5625FB001B5116 /* PostTVC.m in Sources */ = {isa = PBXBuildFile; fileRef = B28C9FCF1C5625FB001B5116 /* PostTVC.m */; };
		B28C9FD61C5627E5001B5116 /* PostCell.m in Sources */ = {isa = PBXBuildFile; fileRef = B28C9FD51C5627E5001B5116 /* PostCell.m */; };
		B28C9FD91C565551001B5116 /* EditVC.m in Sources */ = {isa = PBXBuildFile; fileRef = B28C9FD81C565551001B5116 /* EditVC.m */; };
		B2C8DF041C50FF890029BD8B /* main.m in Sources */ = {isa = PBXBuildFile; fileRef = B2C8DF031C50FF890029BD8B /* main.m */; };
		B2C8DF071C50FF890029BD8B /* AppDelegate.m in Sources */ = {isa = PBXBuildFile; fileRef = B2C8DF061C50FF890029BD8B /* AppDelegate.m */; };
		B2C8DF0F1C50FF890029BD8B /* Assets.xcassets in Resources */ = {isa = PBXBuildFile; fileRef = B2C8DF0E1C50FF890029BD8B /* Assets.xcassets */; };
		B2C8DF121C50FF890029BD8B /* LaunchScreen.storyboard in Resources */ = {isa = PBXBuildFile; fileRef = B2C8DF101C50FF890029BD8B /* LaunchScreen.storyboard */; };
		B2C8DF1B1C50FFD20029BD8B /* MainTVC.m in Sources */ = {isa = PBXBuildFile; fileRef = B2C8DF1A1C50FFD20029BD8B /* MainTVC.m */; };
		B2C8DF201C50FFFD0029BD8B /* MainCell.m in Sources */ = {isa = PBXBuildFile; fileRef = B2C8DF1F1C50FFFD0029BD8B /* MainCell.m */; };
		B2C8DF231C513F770029BD8B /* DetailTVC.m in Sources */ = {isa = PBXBuildFile; fileRef = B2C8DF221C513F770029BD8B /* DetailTVC.m */; };
		B2C8DF261C513FAC0029BD8B /* DetailCell.m in Sources */ = {isa = PBXBuildFile; fileRef = B2C8DF251C513FAC0029BD8B /* DetailCell.m */; };
		B2C8DF2C1C529F930029BD8B /* ClassListTVC.m in Sources */ = {isa = PBXBuildFile; fileRef = B2C8DF2B1C529F930029BD8B /* ClassListTVC.m */; };
		B2C8DF2F1C52A0CB0029BD8B /* ClassListCell.m in Sources */ = {isa = PBXBuildFile; fileRef = B2C8DF2E1C52A0CB0029BD8B /* ClassListCell.m */; };
		E8E4AD74695AAB2B0EF8214C /* Pods_Objc0121.framework in Frameworks */ = {isa = PBXBuildFile; fileRef = 9F5D152C9589762B3B06BCFB /* Pods_Objc0121.framework */; };
/* End PBXBuildFile section */

/* Begin PBXFileReference section */
		4B67C4BD4F2BC18D1903FF7E /* Pods-Objc0121.release.xcconfig */ = {isa = PBXFileReference; includeInIndex = 1; lastKnownFileType = text.xcconfig; name = "Pods-Objc0121.release.xcconfig"; path = "Pods/Target Support Files/Pods-Objc0121/Pods-Objc0121.release.xcconfig"; sourceTree = "<group>"; };
		78BFB49625C2B19E10B55966 /* Pods-Objc0121.debug.xcconfig */ = {isa = PBXFileReference; includeInIndex = 1; lastKnownFileType = text.xcconfig; name = "Pods-Objc0121.debug.xcconfig"; path = "Pods/Target Support Files/Pods-Objc0121/Pods-Objc0121.debug.xcconfig"; sourceTree = "<group>"; };
		9F5D152C9589762B3B06BCFB /* Pods_Objc0121.framework */ = {isa = PBXFileReference; explicitFileType = wrapper.framework; includeInIndex = 0; path = Pods_Objc0121.framework; sourceTree = BUILT_PRODUCTS_DIR; };
		B28C9F9C1C54AE0C001B5116 /* LandingVC.h */ = {isa = PBXFileReference; fileEncoding = 4; lastKnownFileType = sourcecode.c.h; path = LandingVC.h; sourceTree = "<group>"; };
		B28C9F9D1C54AE0C001B5116 /* LandingVC.m */ = {isa = PBXFileReference; fileEncoding = 4; lastKnownFileType = sourcecode.c.objc; path = LandingVC.m; sourceTree = "<group>"; };
		B28C9FCE1C5625FB001B5116 /* PostTVC.h */ = {isa = PBXFileReference; fileEncoding = 4; lastKnownFileType = sourcecode.c.h; path = PostTVC.h; sourceTree = "<group>"; };
		B28C9FCF1C5625FB001B5116 /* PostTVC.m */ = {isa = PBXFileReference; fileEncoding = 4; lastKnownFileType = sourcecode.c.objc; path = PostTVC.m; sourceTree = "<group>"; };
		B28C9FD41C5627E5001B5116 /* PostCell.h */ = {isa = PBXFileReference; fileEncoding = 4; lastKnownFileType = sourcecode.c.h; path = PostCell.h; sourceTree = "<group>"; };
		B28C9FD51C5627E5001B5116 /* PostCell.m */ = {isa = PBXFileReference; fileEncoding = 4; lastKnownFileType = sourcecode.c.objc; path = PostCell.m; sourceTree = "<group>"; };
		B28C9FD71C565551001B5116 /* EditVC.h */ = {isa = PBXFileReference; fileEncoding = 4; lastKnownFileType = sourcecode.c.h; path = EditVC.h; sourceTree = "<group>"; };
		B28C9FD81C565551001B5116 /* EditVC.m */ = {isa = PBXFileReference; fileEncoding = 4; lastKnownFileType = sourcecode.c.objc; path = EditVC.m; sourceTree = "<group>"; };
		B2C8DEFF1C50FF890029BD8B /* Objc0121.app */ = {isa = PBXFileReference; explicitFileType = wrapper.application; includeInIndex = 0; path = Objc0121.app; sourceTree = BUILT_PRODUCTS_DIR; };
		B2C8DF031C50FF890029BD8B /* main.m */ = {isa = PBXFileReference; lastKnownFileType = sourcecode.c.objc; path = main.m; sourceTree = "<group>"; };
		B2C8DF051C50FF890029BD8B /* AppDelegate.h */ = {isa = PBXFileReference; lastKnownFileType = sourcecode.c.h; path = AppDelegate.h; sourceTree = "<group>"; };
		B2C8DF061C50FF890029BD8B /* AppDelegate.m */ = {isa = PBXFileReference; lastKnownFileType = sourcecode.c.objc; path = AppDelegate.m; sourceTree = "<group>"; };
		B2C8DF0E1C50FF890029BD8B /* Assets.xcassets */ = {isa = PBXFileReference; lastKnownFileType = folder.assetcatalog; path = Assets.xcassets; sourceTree = "<group>"; };
		B2C8DF111C50FF890029BD8B /* Base */ = {isa = PBXFileReference; lastKnownFileType = file.storyboard; name = Base; path = Base.lproj/LaunchScreen.storyboard; sourceTree = "<group>"; };
		B2C8DF131C50FF890029BD8B /* Info.plist */ = {isa = PBXFileReference; lastKnownFileType = text.plist.xml; path = Info.plist; sourceTree = "<group>"; };
		B2C8DF191C50FFD20029BD8B /* MainTVC.h */ = {isa = PBXFileReference; fileEncoding = 4; lastKnownFileType = sourcecode.c.h; path = MainTVC.h; sourceTree = "<group>"; };
		B2C8DF1A1C50FFD20029BD8B /* MainTVC.m */ = {isa = PBXFileReference; fileEncoding = 4; lastKnownFileType = sourcecode.c.objc; path = MainTVC.m; sourceTree = "<group>"; };
		B2C8DF1E1C50FFFD0029BD8B /* MainCell.h */ = {isa = PBXFileReference; fileEncoding = 4; lastKnownFileType = sourcecode.c.h; path = MainCell.h; sourceTree = "<group>"; };
		B2C8DF1F1C50FFFD0029BD8B /* MainCell.m */ = {isa = PBXFileReference; fileEncoding = 4; lastKnownFileType = sourcecode.c.objc; path = MainCell.m; sourceTree = "<group>"; };
		B2C8DF211C513F770029BD8B /* DetailTVC.h */ = {isa = PBXFileReference; fileEncoding = 4; lastKnownFileType = sourcecode.c.h; path = DetailTVC.h; sourceTree = "<group>"; };
		B2C8DF221C513F770029BD8B /* DetailTVC.m */ = {isa = PBXFileReference; fileEncoding = 4; lastKnownFileType = sourcecode.c.objc; path = DetailTVC.m; sourceTree = "<group>"; };
		B2C8DF241C513FAC0029BD8B /* DetailCell.h */ = {isa = PBXFileReference; fileEncoding = 4; lastKnownFileType = sourcecode.c.h; path = DetailCell.h; sourceTree = "<group>"; };
		B2C8DF251C513FAC0029BD8B /* DetailCell.m */ = {isa = PBXFileReference; fileEncoding = 4; lastKnownFileType = sourcecode.c.objc; path = DetailCell.m; sourceTree = "<group>"; };
		B2C8DF2A1C529F930029BD8B /* ClassListTVC.h */ = {isa = PBXFileReference; fileEncoding = 4; lastKnownFileType = sourcecode.c.h; path = ClassListTVC.h; sourceTree = "<group>"; };
		B2C8DF2B1C529F930029BD8B /* ClassListTVC.m */ = {isa = PBXFileReference; fileEncoding = 4; lastKnownFileType = sourcecode.c.objc; path = ClassListTVC.m; sourceTree = "<group>"; };
		B2C8DF2D1C52A0CB0029BD8B /* ClassListCell.h */ = {isa = PBXFileReference; fileEncoding = 4; lastKnownFileType = sourcecode.c.h; path = ClassListCell.h; sourceTree = "<group>"; };
		B2C8DF2E1C52A0CB0029BD8B /* ClassListCell.m */ = {isa = PBXFileReference; fileEncoding = 4; lastKnownFileType = sourcecode.c.objc; path = ClassListCell.m; sourceTree = "<group>"; };
/* End PBXFileReference section */

/* Begin PBXFrameworksBuildPhase section */
		B2C8DEFC1C50FF890029BD8B /* Frameworks */ = {
			isa = PBXFrameworksBuildPhase;
			buildActionMask = 2147483647;
			files = (
				E8E4AD74695AAB2B0EF8214C /* Pods_Objc0121.framework in Frameworks */,
			);
			runOnlyForDeploymentPostprocessing = 0;
		};
/* End PBXFrameworksBuildPhase section */

/* Begin PBXGroup section */
		6F0661EF65B2F9AF4E9486CB /* Frameworks */ = {
			isa = PBXGroup;
			children = (
				9F5D152C9589762B3B06BCFB /* Pods_Objc0121.framework */,
			);
			name = Frameworks;
			sourceTree = "<group>";
		};
		B2C8DEF61C50FF890029BD8B = {
			isa = PBXGroup;
			children = (
				B2C8DF011C50FF890029BD8B /* Objc0121 */,
				B2C8DF001C50FF890029BD8B /* Products */,
				E9AB82A9C8DC158BCE7F3133 /* Pods */,
				6F0661EF65B2F9AF4E9486CB /* Frameworks */,
			);
			sourceTree = "<group>";
		};
		B2C8DF001C50FF890029BD8B /* Products */ = {
			isa = PBXGroup;
			children = (
				B2C8DEFF1C50FF890029BD8B /* Objc0121.app */,
			);
			name = Products;
			sourceTree = "<group>";
		};
		B2C8DF011C50FF890029BD8B /* Objc0121 */ = {
			isa = PBXGroup;
			children = (
				B2C8DF051C50FF890029BD8B /* AppDelegate.h */,
				B2C8DF061C50FF890029BD8B /* AppDelegate.m */,
				B2C8DF1D1C50FFE70029BD8B /* View */,
				B2C8DF1C1C50FFD80029BD8B /* Controller */,
				B2C8DF0E1C50FF890029BD8B /* Assets.xcassets */,
				B2C8DF101C50FF890029BD8B /* LaunchScreen.storyboard */,
				B2C8DF131C50FF890029BD8B /* Info.plist */,
				B2C8DF021C50FF890029BD8B /* Supporting Files */,
			);
			path = Objc0121;
			sourceTree = "<group>";
		};
		B2C8DF021C50FF890029BD8B /* Supporting Files */ = {
			isa = PBXGroup;
			children = (
				B2C8DF031C50FF890029BD8B /* main.m */,
			);
			name = "Supporting Files";
			sourceTree = "<group>";
		};
		B2C8DF1C1C50FFD80029BD8B /* Controller */ = {
			isa = PBXGroup;
			children = (
				B28C9F9C1C54AE0C001B5116 /* LandingVC.h */,
				B28C9F9D1C54AE0C001B5116 /* LandingVC.m */,
				B2C8DF191C50FFD20029BD8B /* MainTVC.h */,
				B2C8DF1A1C50FFD20029BD8B /* MainTVC.m */,
				B2C8DF211C513F770029BD8B /* DetailTVC.h */,
				B2C8DF221C513F770029BD8B /* DetailTVC.m */,
				B2C8DF2A1C529F930029BD8B /* ClassListTVC.h */,
				B2C8DF2B1C529F930029BD8B /* ClassListTVC.m */,
				B28C9FCE1C5625FB001B5116 /* PostTVC.h */,
				B28C9FCF1C5625FB001B5116 /* PostTVC.m */,
				B28C9FD71C565551001B5116 /* EditVC.h */,
				B28C9FD81C565551001B5116 /* EditVC.m */,
			);
			name = Controller;
			sourceTree = "<group>";
		};
		B2C8DF1D1C50FFE70029BD8B /* View */ = {
			isa = PBXGroup;
			children = (
				B2C8DF1E1C50FFFD0029BD8B /* MainCell.h */,
				B2C8DF1F1C50FFFD0029BD8B /* MainCell.m */,
				B2C8DF241C513FAC0029BD8B /* DetailCell.h */,
				B2C8DF251C513FAC0029BD8B /* DetailCell.m */,
				B2C8DF2D1C52A0CB0029BD8B /* ClassListCell.h */,
				B2C8DF2E1C52A0CB0029BD8B /* ClassListCell.m */,
				B28C9FD41C5627E5001B5116 /* PostCell.h */,
				B28C9FD51C5627E5001B5116 /* PostCell.m */,
			);
			name = View;
			sourceTree = "<group>";
		};
		E9AB82A9C8DC158BCE7F3133 /* Pods */ = {
			isa = PBXGroup;
			children = (
				78BFB49625C2B19E10B55966 /* Pods-Objc0121.debug.xcconfig */,
				4B67C4BD4F2BC18D1903FF7E /* Pods-Objc0121.release.xcconfig */,
			);
			name = Pods;
			sourceTree = "<group>";
		};
/* End PBXGroup section */

/* Begin PBXNativeTarget section */
		B2C8DEFE1C50FF890029BD8B /* Objc0121 */ = {
			isa = PBXNativeTarget;
			buildConfigurationList = B2C8DF161C50FF890029BD8B /* Build configuration list for PBXNativeTarget "Objc0121" */;
			buildPhases = (
				16B504459E760359CD06051C /* Check Pods Manifest.lock */,
				B2C8DEFB1C50FF890029BD8B /* Sources */,
				B2C8DEFC1C50FF890029BD8B /* Frameworks */,
				B2C8DEFD1C50FF890029BD8B /* Resources */,
				1A6CA659DD9A07830EC0C7D1 /* Embed Pods Frameworks */,
				B2D460A2988D8FC226773ADF /* Copy Pods Resources */,
			);
			buildRules = (
			);
			dependencies = (
			);
			name = Objc0121;
			productName = Objc0121;
			productReference = B2C8DEFF1C50FF890029BD8B /* Objc0121.app */;
			productType = "com.apple.product-type.application";
		};
/* End PBXNativeTarget section */

/* Begin PBXProject section */
		B2C8DEF71C50FF890029BD8B /* Project object */ = {
			isa = PBXProject;
			attributes = {
				LastUpgradeCheck = 0720;
				ORGANIZATIONNAME = "劉坤昶 Johnny";
				TargetAttributes = {
					B2C8DEFE1C50FF890029BD8B = {
						CreatedOnToolsVersion = 7.2;
					};
				};
			};
			buildConfigurationList = B2C8DEFA1C50FF890029BD8B /* Build configuration list for PBXProject "Objc0121" */;
			compatibilityVersion = "Xcode 3.2";
			developmentRegion = English;
			hasScannedForEncodings = 0;
			knownRegions = (
				en,
				Base,
			);
			mainGroup = B2C8DEF61C50FF890029BD8B;
			productRefGroup = B2C8DF001C50FF890029BD8B /* Products */;
			projectDirPath = "";
			projectRoot = "";
			targets = (
				B2C8DEFE1C50FF890029BD8B /* Objc0121 */,
			);
		};
/* End PBXProject section */

/* Begin PBXResourcesBuildPhase section */
		B2C8DEFD1C50FF890029BD8B /* Resources */ = {
			isa = PBXResourcesBuildPhase;
			buildActionMask = 2147483647;
			files = (
				B2C8DF121C50FF890029BD8B /* LaunchScreen.storyboard in Resources */,
				B2C8DF0F1C50FF890029BD8B /* Assets.xcassets in Resources */,
			);
			runOnlyForDeploymentPostprocessing = 0;
		};
/* End PBXResourcesBuildPhase section */

/* Begin PBXShellScriptBuildPhase section */
		16B504459E760359CD06051C /* Check Pods Manifest.lock */ = {
			isa = PBXShellScriptBuildPhase;
			buildActionMask = 2147483647;
			files = (
			);
			inputPaths = (
			);
			name = "Check Pods Manifest.lock";
			outputPaths = (
			);
			runOnlyForDeploymentPostprocessing = 0;
			shellPath = /bin/sh;
			shellScript = "diff \"${PODS_ROOT}/../Podfile.lock\" \"${PODS_ROOT}/Manifest.lock\" > /dev/null\nif [[ $? != 0 ]] ; then\n    cat << EOM\nerror: The sandbox is not in sync with the Podfile.lock. Run 'pod install' or update your CocoaPods installation.\nEOM\n    exit 1\nfi\n";
			showEnvVarsInLog = 0;
		};
		1A6CA659DD9A07830EC0C7D1 /* Embed Pods Frameworks */ = {
			isa = PBXShellScriptBuildPhase;
			buildActionMask = 2147483647;
			files = (
			);
			inputPaths = (
			);
			name = "Embed Pods Frameworks";
			outputPaths = (
			);
			runOnlyForDeploymentPostprocessing = 0;
			shellPath = /bin/sh;
			shellScript = "\"${SRCROOT}/Pods/Target Support Files/Pods-Objc0121/Pods-Objc0121-frameworks.sh\"\n";
			showEnvVarsInLog = 0;
		};
		B2D460A2988D8FC226773ADF /* Copy Pods Resources */ = {
			isa = PBXShellScriptBuildPhase;
			buildActionMask = 2147483647;
			files = (
			);
			inputPaths = (
			);
			name = "Copy Pods Resources";
			outputPaths = (
			);
			runOnlyForDeploymentPostprocessing = 0;
			shellPath = /bin/sh;
			shellScript = "\"${SRCROOT}/Pods/Target Support Files/Pods-Objc0121/Pods-Objc0121-resources.sh\"\n";
			showEnvVarsInLog = 0;
		};
/* End PBXShellScriptBuildPhase section */

/* Begin PBXSourcesBuildPhase section */
		B2C8DEFB1C50FF890029BD8B /* Sources */ = {
			isa = PBXSourcesBuildPhase;
			buildActionMask = 2147483647;
			files = (
				B28C9FD61C5627E5001B5116 /* PostCell.m in Sources */,
				B2C8DF071C50FF890029BD8B /* AppDelegate.m in Sources */,
				B2C8DF2C1C529F930029BD8B /* ClassListTVC.m in Sources */,
				B2C8DF1B1C50FFD20029BD8B /* MainTVC.m in Sources */,
				B28C9F9E1C54AE0C001B5116 /* LandingVC.m in Sources */,
				B2C8DF261C513FAC0029BD8B /* DetailCell.m in Sources */,
				B28C9FD91C565551001B5116 /* EditVC.m in Sources */,
				B2C8DF2F1C52A0CB0029BD8B /* ClassListCell.m in Sources */,
				B2C8DF201C50FFFD0029BD8B /* MainCell.m in Sources */,
				B28C9FD01C5625FB001B5116 /* PostTVC.m in Sources */,
				B2C8DF041C50FF890029BD8B /* main.m in Sources */,
				B2C8DF231C513F770029BD8B /* DetailTVC.m in Sources */,
			);
			runOnlyForDeploymentPostprocessing = 0;
		};
/* End PBXSourcesBuildPhase section */

/* Begin PBXVariantGroup section */
		B2C8DF101C50FF890029BD8B /* LaunchScreen.storyboard */ = {
			isa = PBXVariantGroup;
			children = (
				B2C8DF111C50FF890029BD8B /* Base */,
			);
			name = LaunchScreen.storyboard;
			sourceTree = "<group>";
		};
/* End PBXVariantGroup section */

/* Begin XCBuildConfiguration section */
		B2C8DF141C50FF890029BD8B /* Debug */ = {
			isa = XCBuildConfiguration;
			buildSettings = {
				ALWAYS_SEARCH_USER_PATHS = NO;
				CLANG_CXX_LANGUAGE_STANDARD = "gnu++0x";
				CLANG_CXX_LIBRARY = "libc++";
				CLANG_ENABLE_MODULES = YES;
				CLANG_ENABLE_OBJC_ARC = YES;
				CLANG_WARN_BOOL_CONVERSION = YES;
				CLANG_WARN_CONSTANT_CONVERSION = YES;
				CLANG_WARN_DIRECT_OBJC_ISA_USAGE = YES_ERROR;
				CLANG_WARN_EMPTY_BODY = YES;
				CLANG_WARN_ENUM_CONVERSION = YES;
				CLANG_WARN_INT_CONVERSION = YES;
				CLANG_WARN_OBJC_ROOT_CLASS = YES_ERROR;
				CLANG_WARN_UNREACHABLE_CODE = YES;
				CLANG_WARN__DUPLICATE_METHOD_MATCH = YES;
				"CODE_SIGN_IDENTITY[sdk=iphoneos*]" = "iPhone Developer";
				COPY_PHASE_STRIP = NO;
				DEBUG_INFORMATION_FORMAT = dwarf;
				ENABLE_STRICT_OBJC_MSGSEND = YES;
				ENABLE_TESTABILITY = YES;
				GCC_C_LANGUAGE_STANDARD = gnu99;
				GCC_DYNAMIC_NO_PIC = NO;
				GCC_NO_COMMON_BLOCKS = YES;
				GCC_OPTIMIZATION_LEVEL = 0;
				GCC_PREPROCESSOR_DEFINITIONS = (
					"DEBUG=1",
					"$(inherited)",
				);
				GCC_WARN_64_TO_32_BIT_CONVERSION = YES;
				GCC_WARN_ABOUT_RETURN_TYPE = YES_ERROR;
				GCC_WARN_UNDECLARED_SELECTOR = YES;
				GCC_WARN_UNINITIALIZED_AUTOS = YES_AGGRESSIVE;
				GCC_WARN_UNUSED_FUNCTION = YES;
				GCC_WARN_UNUSED_VARIABLE = YES;
				IPHONEOS_DEPLOYMENT_TARGET = 9.2;
				MTL_ENABLE_DEBUG_INFO = YES;
				ONLY_ACTIVE_ARCH = YES;
				SDKROOT = iphoneos;
			};
			name = Debug;
		};
		B2C8DF151C50FF890029BD8B /* Release */ = {
			isa = XCBuildConfiguration;
			buildSettings = {
				ALWAYS_SEARCH_USER_PATHS = NO;
				CLANG_CXX_LANGUAGE_STANDARD = "gnu++0x";
				CLANG_CXX_LIBRARY = "libc++";
				CLANG_ENABLE_MODULES = YES;
				CLANG_ENABLE_OBJC_ARC = YES;
				CLANG_WARN_BOOL_CONVERSION = YES;
				CLANG_WARN_CONSTANT_CONVERSION = YES;
				CLANG_WARN_DIRECT_OBJC_ISA_USAGE = YES_ERROR;
				CLANG_WARN_EMPTY_BODY = YES;
				CLANG_WARN_ENUM_CONVERSION = YES;
				CLANG_WARN_INT_CONVERSION = YES;
				CLANG_WARN_OBJC_ROOT_CLASS = YES_ERROR;
				CLANG_WARN_UNREACHABLE_CODE = YES;
				CLANG_WARN__DUPLICATE_METHOD_MATCH = YES;
				"CODE_SIGN_IDENTITY[sdk=iphoneos*]" = "iPhone Developer";
				COPY_PHASE_STRIP = NO;
				DEBUG_INFORMATION_FORMAT = "dwarf-with-dsym";
				ENABLE_NS_ASSERTIONS = NO;
				ENABLE_STRICT_OBJC_MSGSEND = YES;
				GCC_C_LANGUAGE_STANDARD = gnu99;
				GCC_NO_COMMON_BLOCKS = YES;
				GCC_WARN_64_TO_32_BIT_CONVERSION = YES;
				GCC_WARN_ABOUT_RETURN_TYPE = YES_ERROR;
				GCC_WARN_UNDECLARED_SELECTOR = YES;
				GCC_WARN_UNINITIALIZED_AUTOS = YES_AGGRESSIVE;
				GCC_WARN_UNUSED_FUNCTION = YES;
				GCC_WARN_UNUSED_VARIABLE = YES;
				IPHONEOS_DEPLOYMENT_TARGET = 9.2;
				MTL_ENABLE_DEBUG_INFO = NO;
				SDKROOT = iphoneos;
				VALIDATE_PRODUCT = YES;
			};
			name = Release;
		};
		B2C8DF171C50FF890029BD8B /* Debug */ = {
			isa = XCBuildConfiguration;
			baseConfigurationReference = 78BFB49625C2B19E10B55966 /* Pods-Objc0121.debug.xcconfig */;
			buildSettings = {
				ASSETCATALOG_COMPILER_APPICON_NAME = AppIcon;
				INFOPLIST_FILE = Objc0121/Info.plist;
				LD_RUNPATH_SEARCH_PATHS = "$(inherited) @executable_path/Frameworks";
				PRODUCT_BUNDLE_IDENTIFIER = com.johnnyketchup.Objc0121;
				PRODUCT_NAME = "$(TARGET_NAME)";
			};
			name = Debug;
		};
		B2C8DF181C50FF890029BD8B /* Release */ = {
			isa = XCBuildConfiguration;
			baseConfigurationReference = 4B67C4BD4F2BC18D1903FF7E /* Pods-Objc0121.release.xcconfig */;
			buildSettings = {
				ASSETCATALOG_COMPILER_APPICON_NAME = AppIcon;
				INFOPLIST_FILE = Objc0121/Info.plist;
				LD_RUNPATH_SEARCH_PATHS = "$(inherited) @executable_path/Frameworks";
				PRODUCT_BUNDLE_IDENTIFIER = com.johnnyketchup.Objc0121;
				PRODUCT_NAME = "$(TARGET_NAME)";
			};
			name = Release;
		};
/* End XCBuildConfiguration section */

/* Begin XCConfigurationList section */
		B2C8DEFA1C50FF890029BD8B /* Build configuration list for PBXProject "Objc0121" */ = {
			isa = XCConfigurationList;
			buildConfigurations = (
				B2C8DF141C50FF890029BD8B /* Debug */,
				B2C8DF151C50FF890029BD8B /* Release */,
			);
			defaultConfigurationIsVisible = 0;
			defaultConfigurationName = Release;
		};
		B2C8DF161C50FF890029BD8B /* Build configuration list for PBXNativeTarget "Objc0121" */ = {
			isa = XCConfigurationList;
			buildConfigurations = (
				B2C8DF171C50FF890029BD8B /* Debug */,
				B2C8DF181C50FF890029BD8B /* Release */,
			);
			defaultConfigurationIsVisible = 0;
			defaultConfigurationName = Release;
		};
/* End XCConfigurationList section */
	};
	rootObject = B2C8DEF71C50FF890029BD8B /* Project object */;
}
